
Microsoft Visual Studio Solution File, Format Version 12.00
# Visual Studio 14
VisualStudioVersion = 14.0.25123.0
MinimumVisualStudioVersion = 10.0.40219.1
Project("{FAE04EC0-301F-11D3-BF4B-00C04F79EFBC}") = "Mcdm", "Mcdm\Mcdm.csproj", "{202171C1-4D99-433F-8958-ADC6B6772750}"
EndProject
Project("{FAE04EC0-301F-11D3-BF4B-00C04F79EFBC}") = "Mcdm.Tests", "Mcdm.Tests\Mcdm.Tests.csproj", "{7AAAF273-674B-44A7-90F8-E742E42CF018}"
EndProject
Project("{2150E333-8FDC-42A3-9474-1A3956D46DE8}") = "Demo", "Demo", "{539A3DBF-0531-4A20-A6F1-5F7120F76C96}"
EndProject
Project("{FAE04EC0-301F-11D3-BF4B-00C04F79EFBC}") = "AhpDemo", "Demo\AhpDemo\AhpDemo.csproj", "{54C00C47-1287-41EE-BA60-C8FFD3238C45}"
EndProject
Global
	GlobalSection(SolutionConfigurationPlatforms) = preSolution
		Debug|Any CPU = Debug|Any CPU
		Release|Any CPU = Release|Any CPU
	EndGlobalSection
	GlobalSection(ProjectConfigurationPlatforms) = postSolution
		{202171C1-4D99-433F-8958-ADC6B6772750}.Debug|Any CPU.ActiveCfg = Debug|Any CPU
		{202171C1-4D99-433F-8958-ADC6B6772750}.Debug|Any CPU.Build.0 = Debug|Any CPU
		{202171C1-4D99-433F-8958-ADC6B6772750}.Release|Any CPU.ActiveCfg = Release|Any CPU
		{202171C1-4D99-433F-8958-ADC6B6772750}.Release|Any CPU.Build.0 = Release|Any CPU
		{7AAAF273-674B-44A7-90F8-E742E42CF018}.Debug|Any CPU.ActiveCfg = Debug|Any CPU
		{7AAAF273-674B-44A7-90F8-E742E42CF018}.Debug|Any CPU.Build.0 = Debug|Any CPU
		{7AAAF273-674B-44A7-90F8-E742E42CF018}.Release|Any CPU.ActiveCfg = Release|Any CPU
		{7AAAF273-674B-44A7-90F8-E742E42CF018}.Release|Any CPU.Build.0 = Release|Any CPU
		{54C00C47-1287-41EE-BA60-C8FFD3238C45}.Debug|Any CPU.ActiveCfg = Debug|Any CPU
		{54C00C47-1287-41EE-BA60-C8FFD3238C45}.Debug|Any CPU.Build.0 = Debug|Any CPU
		{54C00C47-1287-41EE-BA60-C8FFD3238C45}.Release|Any CPU.ActiveCfg = Release|Any CPU
		{54C00C47-1287-41EE-BA60-C8FFD3238C45}.Release|Any CPU.Build.0 = Release|Any CPU
	EndGlobalSection
	GlobalSection(SolutionProperties) = preSolution
		HideSolutionNode = FALSE
	EndGlobalSection
	GlobalSection(NestedProjects) = preSolution
		{54C00C47-1287-41EE-BA60-C8FFD3238C45} = {539A3DBF-0531-4A20-A6F1-5F7120F76C96}
	EndGlobalSection
	GlobalSection(TestCaseManagementSettings) = postSolution
		CategoryFile = Ahp.vsmdi
	EndGlobalSection
EndGlobal
